// !$*UTF8*$!
{
	archiveVersion = 1;
	classes = {
	};
	objectVersion = 48;
	objects = {

/* Begin PBXBuildFile section */
		04727BBF2004AC9700E23872 /* EditorScrollView.swift in Sources */ = {isa = PBXBuildFile; fileRef = 04727BBE2004AC9600E23872 /* EditorScrollView.swift */; };
		04727BC12006339D00E23872 /* EditorContentViewController.swift in Sources */ = {isa = PBXBuildFile; fileRef = 04727BC02006339D00E23872 /* EditorContentViewController.swift */; };
		4E2F83ED1FF8E10E00511B4C /* AppDelegate.swift in Sources */ = {isa = PBXBuildFile; fileRef = 4E2F83EC1FF8E10E00511B4C /* AppDelegate.swift */; };
		4E2F83EF1FF8E10E00511B4C /* ViewController.swift in Sources */ = {isa = PBXBuildFile; fileRef = 4E2F83EE1FF8E10E00511B4C /* ViewController.swift */; };
		4E2F83F21FF8E10E00511B4C /* Main.storyboard in Resources */ = {isa = PBXBuildFile; fileRef = 4E2F83F01FF8E10E00511B4C /* Main.storyboard */; };
		4E2F83F71FF8E10E00511B4C /* Assets.xcassets in Resources */ = {isa = PBXBuildFile; fileRef = 4E2F83F61FF8E10E00511B4C /* Assets.xcassets */; };
		4EC0FB86202D67A1001CEF1C /* THAudioContentView.swift in Sources */ = {isa = PBXBuildFile; fileRef = 4EC0FB85202D67A1001CEF1C /* THAudioContentView.swift */; };
		4EC0FB88202D7B14001CEF1C /* THTextContentView.swift in Sources */ = {isa = PBXBuildFile; fileRef = 4EC0FB87202D7B14001CEF1C /* THTextContentView.swift */; };
		4EC0FB8A202D8915001CEF1C /* THTitleContentView.swift in Sources */ = {isa = PBXBuildFile; fileRef = 4EC0FB89202D8915001CEF1C /* THTitleContentView.swift */; };
		4EC7B1AA20387FF2006CA244 /* THMarker.swift in Sources */ = {isa = PBXBuildFile; fileRef = 4EC7B1A920387FF2006CA244 /* THMarker.swift */; };
		4EC7B1AC2038806D006CA244 /* THContentSet .swift in Sources */ = {isa = PBXBuildFile; fileRef = 4EC7B1AB2038806D006CA244 /* THContentSet .swift */; };
		4EC7B1AE203880BA006CA244 /* THMarkerView.swift in Sources */ = {isa = PBXBuildFile; fileRef = 4EC7B1AD203880BA006CA244 /* THMarkerView.swift */; };
		4EC7B1B220388279006CA244 /* THContentMarkerController.swift in Sources */ = {isa = PBXBuildFile; fileRef = 4EC7B1B120388279006CA244 /* THContentMarkerController.swift */; };
		4EC7B1B42038832C006CA244 /* THContentView.swift in Sources */ = {isa = PBXBuildFile; fileRef = 4EC7B1B32038832C006CA244 /* THContentView.swift */; };
		4EC7B1B620388383006CA244 /* THVideoContentView.swift in Sources */ = {isa = PBXBuildFile; fileRef = 4EC7B1B520388383006CA244 /* THVideoContentView.swift */; };
/* End PBXBuildFile section */

/* Begin PBXFileReference section */
		04727BBE2004AC9600E23872 /* EditorScrollView.swift */ = {isa = PBXFileReference; lastKnownFileType = sourcecode.swift; path = EditorScrollView.swift; sourceTree = "<group>"; };
		04727BC02006339D00E23872 /* EditorContentViewController.swift */ = {isa = PBXFileReference; lastKnownFileType = sourcecode.swift; path = EditorContentViewController.swift; sourceTree = "<group>"; };
		4E2F83E91FF8E10E00511B4C /* THContentMarkerView.app */ = {isa = PBXFileReference; explicitFileType = wrapper.application; includeInIndex = 0; path = THContentMarkerView.app; sourceTree = BUILT_PRODUCTS_DIR; };
		4E2F83EC1FF8E10E00511B4C /* AppDelegate.swift */ = {isa = PBXFileReference; lastKnownFileType = sourcecode.swift; path = AppDelegate.swift; sourceTree = "<group>"; };
		4E2F83EE1FF8E10E00511B4C /* ViewController.swift */ = {isa = PBXFileReference; lastKnownFileType = sourcecode.swift; path = ViewController.swift; sourceTree = "<group>"; };
		4E2F83F11FF8E10E00511B4C /* Base */ = {isa = PBXFileReference; lastKnownFileType = file.storyboard; name = Base; path = Base.lproj/Main.storyboard; sourceTree = "<group>"; };
		4E2F83F61FF8E10E00511B4C /* Assets.xcassets */ = {isa = PBXFileReference; lastKnownFileType = folder.assetcatalog; path = Assets.xcassets; sourceTree = "<group>"; };
		4E2F83FB1FF8E10E00511B4C /* Info.plist */ = {isa = PBXFileReference; lastKnownFileType = text.plist.xml; path = Info.plist; sourceTree = "<group>"; };
		4EC0FB85202D67A1001CEF1C /* THAudioContentView.swift */ = {isa = PBXFileReference; lastKnownFileType = sourcecode.swift; path = THAudioContentView.swift; sourceTree = "<group>"; };
		4EC0FB87202D7B14001CEF1C /* THTextContentView.swift */ = {isa = PBXFileReference; lastKnownFileType = sourcecode.swift; path = THTextContentView.swift; sourceTree = "<group>"; };
		4EC0FB89202D8915001CEF1C /* THTitleContentView.swift */ = {isa = PBXFileReference; lastKnownFileType = sourcecode.swift; path = THTitleContentView.swift; sourceTree = "<group>"; };
		4EC7B1A920387FF2006CA244 /* THMarker.swift */ = {isa = PBXFileReference; lastKnownFileType = sourcecode.swift; path = THMarker.swift; sourceTree = "<group>"; };
		4EC7B1AB2038806D006CA244 /* THContentSet .swift */ = {isa = PBXFileReference; lastKnownFileType = sourcecode.swift; path = "THContentSet .swift"; sourceTree = "<group>"; };
		4EC7B1AD203880BA006CA244 /* THMarkerView.swift */ = {isa = PBXFileReference; lastKnownFileType = sourcecode.swift; path = THMarkerView.swift; sourceTree = "<group>"; };
		4EC7B1B120388279006CA244 /* THContentMarkerController.swift */ = {isa = PBXFileReference; lastKnownFileType = sourcecode.swift; path = THContentMarkerController.swift; sourceTree = "<group>"; };
		4EC7B1B32038832C006CA244 /* THContentView.swift */ = {isa = PBXFileReference; lastKnownFileType = sourcecode.swift; path = THContentView.swift; sourceTree = "<group>"; };
		4EC7B1B520388383006CA244 /* THVideoContentView.swift */ = {isa = PBXFileReference; lastKnownFileType = sourcecode.swift; path = THVideoContentView.swift; sourceTree = "<group>"; };
/* End PBXFileReference section */

/* Begin PBXFrameworksBuildPhase section */
		4E2F83E61FF8E10E00511B4C /* Frameworks */ = {
			isa = PBXFrameworksBuildPhase;
			buildActionMask = 2147483647;
			files = (
			);
			runOnlyForDeploymentPostprocessing = 0;
		};
/* End PBXFrameworksBuildPhase section */

/* Begin PBXGroup section */
		4E2F83E01FF8E10E00511B4C = {
			isa = PBXGroup;
			children = (
				4E2F83EB1FF8E10E00511B4C /* SupportingFiles */,
				4E2F83FB1FF8E10E00511B4C /* Info.plist */,
				4E2F83EE1FF8E10E00511B4C /* ViewController.swift */,
				04727BBE2004AC9600E23872 /* EditorScrollView.swift */,
				04727BC02006339D00E23872 /* EditorContentViewController.swift */,
				4EC7B1A320382FD5006CA244 /* THContentMarker */,
				4E2F83EA1FF8E10E00511B4C /* Products */,
			);
			sourceTree = "<group>";
		};
		4E2F83EA1FF8E10E00511B4C /* Products */ = {
			isa = PBXGroup;
			children = (
				4E2F83E91FF8E10E00511B4C /* THContentMarkerView.app */,
			);
			name = Products;
			sourceTree = "<group>";
		};
		4E2F83EB1FF8E10E00511B4C /* SupportingFiles */ = {
			isa = PBXGroup;
			children = (
				4E2F83F61FF8E10E00511B4C /* Assets.xcassets */,
				4E2F83F01FF8E10E00511B4C /* Main.storyboard */,
				4E2F83EC1FF8E10E00511B4C /* AppDelegate.swift */,
			);
			path = SupportingFiles;
			sourceTree = "<group>";
		};
		4E741FB4203AAED200BE1B80 /* Views */ = {
			isa = PBXGroup;
			children = (
				4E741FB6203AAEE600BE1B80 /* THContentViews */,
				4E741FB5203AAEDD00BE1B80 /* THMarkerView */,
			);
			name = Views;
			sourceTree = "<group>";
		};
		4E741FB5203AAEDD00BE1B80 /* THMarkerView */ = {
			isa = PBXGroup;
			children = (
				4EC7B1AD203880BA006CA244 /* THMarkerView.swift */,
			);
			name = THMarkerView;
			sourceTree = "<group>";
		};
		4E741FB6203AAEE600BE1B80 /* THContentViews */ = {
			isa = PBXGroup;
			children = (
				4EC7B1B32038832C006CA244 /* THContentView.swift */,
				4EC7B1B520388383006CA244 /* THVideoContentView.swift */,
				4EC0FB85202D67A1001CEF1C /* THAudioContentView.swift */,
				4EC0FB87202D7B14001CEF1C /* THTextContentView.swift */,
				4EC0FB89202D8915001CEF1C /* THTitleContentView.swift */,
			);
			name = THContentViews;
			sourceTree = "<group>";
		};
		4E741FB8203AAF2F00BE1B80 /* Controllers */ = {
			isa = PBXGroup;
			children = (
				4EC7B1B120388279006CA244 /* THContentMarkerController.swift */,
			);
			name = Controllers;
			sourceTree = "<group>";
		};
		4E741FB9203AAF4100BE1B80 /* Models */ = {
			isa = PBXGroup;
			children = (
				4EC7B1A920387FF2006CA244 /* THMarker.swift */,
				4EC7B1AB2038806D006CA244 /* THContentSet .swift */,
			);
			name = Models;
			sourceTree = "<group>";
		};
		4EC7B1A320382FD5006CA244 /* THContentMarker */ = {
			isa = PBXGroup;
			children = (
				4E741FB9203AAF4100BE1B80 /* Models */,
				4E741FB8203AAF2F00BE1B80 /* Controllers */,
				4E741FB4203AAED200BE1B80 /* Views */,
			);
			path = THContentMarker;
			sourceTree = "<group>";
		};
/* End PBXGroup section */

/* Begin PBXNativeTarget section */
		4E2F83E81FF8E10E00511B4C /* THContentMarkerView */ = {
			isa = PBXNativeTarget;
			buildConfigurationList = 4E2F83FE1FF8E10E00511B4C /* Build configuration list for PBXNativeTarget "THContentMarkerView" */;
			buildPhases = (
				4E2F83E51FF8E10E00511B4C /* Sources */,
				4E2F83E61FF8E10E00511B4C /* Frameworks */,
				4E2F83E71FF8E10E00511B4C /* Resources */,
				4EC7B1B720388657006CA244 /* ShellScript */,
			);
			buildRules = (
			);
			dependencies = (
			);
			name = THContentMarkerView;
			productName = ScrollViewContent;
			productReference = 4E2F83E91FF8E10E00511B4C /* THContentMarkerView.app */;
			productType = "com.apple.product-type.application";
		};
/* End PBXNativeTarget section */

/* Begin PBXProject section */
		4E2F83E11FF8E10E00511B4C /* Project object */ = {
			isa = PBXProject;
			attributes = {
				LastSwiftUpdateCheck = 0920;
				LastUpgradeCheck = 0920;
				ORGANIZATIONNAME = "Seong ho Hong";
				TargetAttributes = {
					4E2F83E81FF8E10E00511B4C = {
						CreatedOnToolsVersion = 9.2;
						ProvisioningStyle = Automatic;
					};
				};
			};
			buildConfigurationList = 4E2F83E41FF8E10E00511B4C /* Build configuration list for PBXProject "THContentMarkerView" */;
			compatibilityVersion = "Xcode 8.0";
			developmentRegion = en;
			hasScannedForEncodings = 0;
			knownRegions = (
				en,
				Base,
			);
			mainGroup = 4E2F83E01FF8E10E00511B4C;
			productRefGroup = 4E2F83EA1FF8E10E00511B4C /* Products */;
			projectDirPath = "";
			projectRoot = "";
			targets = (
				4E2F83E81FF8E10E00511B4C /* THContentMarkerView */,
			);
		};
/* End PBXProject section */

/* Begin PBXResourcesBuildPhase section */
		4E2F83E71FF8E10E00511B4C /* Resources */ = {
			isa = PBXResourcesBuildPhase;
			buildActionMask = 2147483647;
			files = (
				4E2F83F71FF8E10E00511B4C /* Assets.xcassets in Resources */,
				4E2F83F21FF8E10E00511B4C /* Main.storyboard in Resources */,
			);
			runOnlyForDeploymentPostprocessing = 0;
		};
/* End PBXResourcesBuildPhase section */

/* Begin PBXShellScriptBuildPhase section */
		4EC7B1B720388657006CA244 /* ShellScript */ = {
			isa = PBXShellScriptBuildPhase;
			buildActionMask = 2147483647;
			files = (
			);
			inputPaths = (
			);
			outputPaths = (
			);
			runOnlyForDeploymentPostprocessing = 0;
			shellPath = /bin/sh;
			shellScript = "if which swiftlint >/dev/null; then\nswiftlint\nelse\necho \"warning: SwiftLint not installed, download from https://github.com/realm/SwiftLint\"\nfi";
		};
/* End PBXShellScriptBuildPhase section */

/* Begin PBXSourcesBuildPhase section */
		4E2F83E51FF8E10E00511B4C /* Sources */ = {
			isa = PBXSourcesBuildPhase;
			buildActionMask = 2147483647;
			files = (
				4EC7B1AC2038806D006CA244 /* THContentSet .swift in Sources */,
				4EC0FB8A202D8915001CEF1C /* THTitleContentView.swift in Sources */,
				4EC7B1AE203880BA006CA244 /* THMarkerView.swift in Sources */,
				4EC7B1B620388383006CA244 /* THVideoContentView.swift in Sources */,
				4EC0FB88202D7B14001CEF1C /* THTextContentView.swift in Sources */,
				4EC0FB86202D67A1001CEF1C /* THAudioContentView.swift in Sources */,
				04727BBF2004AC9700E23872 /* EditorScrollView.swift in Sources */,
				4E2F83EF1FF8E10E00511B4C /* ViewController.swift in Sources */,
				4E2F83ED1FF8E10E00511B4C /* AppDelegate.swift in Sources */,
				4EC7B1B42038832C006CA244 /* THContentView.swift in Sources */,
				04727BC12006339D00E23872 /* EditorContentViewController.swift in Sources */,
				4EC7B1AA20387FF2006CA244 /* THMarker.swift in Sources */,
				4EC7B1B220388279006CA244 /* THContentMarkerController.swift in Sources */,
			);
			runOnlyForDeploymentPostprocessing = 0;
		};
/* End PBXSourcesBuildPhase section */

/* Begin PBXVariantGroup section */
		4E2F83F01FF8E10E00511B4C /* Main.storyboard */ = {
			isa = PBXVariantGroup;
			children = (
				4E2F83F11FF8E10E00511B4C /* Base */,
			);
			name = Main.storyboard;
			sourceTree = "<group>";
		};
/* End PBXVariantGroup section */

/* Begin XCBuildConfiguration section */
		4E2F83FC1FF8E10E00511B4C /* Debug */ = {
			isa = XCBuildConfiguration;
			buildSettings = {
				ALWAYS_SEARCH_USER_PATHS = NO;
				CLANG_ANALYZER_NONNULL = YES;
				CLANG_ANALYZER_NUMBER_OBJECT_CONVERSION = YES_AGGRESSIVE;
				CLANG_CXX_LANGUAGE_STANDARD = "gnu++14";
				CLANG_CXX_LIBRARY = "libc++";
				CLANG_ENABLE_MODULES = YES;
				CLANG_ENABLE_OBJC_ARC = YES;
				CLANG_WARN_BLOCK_CAPTURE_AUTORELEASING = YES;
				CLANG_WARN_BOOL_CONVERSION = YES;
				CLANG_WARN_COMMA = YES;
				CLANG_WARN_CONSTANT_CONVERSION = YES;
				CLANG_WARN_DIRECT_OBJC_ISA_USAGE = YES_ERROR;
				CLANG_WARN_DOCUMENTATION_COMMENTS = YES;
				CLANG_WARN_EMPTY_BODY = YES;
				CLANG_WARN_ENUM_CONVERSION = YES;
				CLANG_WARN_INFINITE_RECURSION = YES;
				CLANG_WARN_INT_CONVERSION = YES;
				CLANG_WARN_NON_LITERAL_NULL_CONVERSION = YES;
				CLANG_WARN_OBJC_LITERAL_CONVERSION = YES;
				CLANG_WARN_OBJC_ROOT_CLASS = YES_ERROR;
				CLANG_WARN_RANGE_LOOP_ANALYSIS = YES;
				CLANG_WARN_STRICT_PROTOTYPES = YES;
				CLANG_WARN_SUSPICIOUS_MOVE = YES;
				CLANG_WARN_UNGUARDED_AVAILABILITY = YES_AGGRESSIVE;
				CLANG_WARN_UNREACHABLE_CODE = YES;
				CLANG_WARN__DUPLICATE_METHOD_MATCH = YES;
				CODE_SIGN_IDENTITY = "iPhone Developer";
				COPY_PHASE_STRIP = NO;
				DEBUG_INFORMATION_FORMAT = dwarf;
				ENABLE_STRICT_OBJC_MSGSEND = YES;
				ENABLE_TESTABILITY = YES;
				GCC_C_LANGUAGE_STANDARD = gnu11;
				GCC_DYNAMIC_NO_PIC = NO;
				GCC_NO_COMMON_BLOCKS = YES;
				GCC_OPTIMIZATION_LEVEL = 0;
				GCC_PREPROCESSOR_DEFINITIONS = (
					"DEBUG=1",
					"$(inherited)",
				);
				GCC_WARN_64_TO_32_BIT_CONVERSION = YES;
				GCC_WARN_ABOUT_RETURN_TYPE = YES_ERROR;
				GCC_WARN_UNDECLARED_SELECTOR = YES;
				GCC_WARN_UNINITIALIZED_AUTOS = YES_AGGRESSIVE;
				GCC_WARN_UNUSED_FUNCTION = YES;
				GCC_WARN_UNUSED_VARIABLE = YES;
				IPHONEOS_DEPLOYMENT_TARGET = 11.2;
				MTL_ENABLE_DEBUG_INFO = YES;
				ONLY_ACTIVE_ARCH = YES;
				SDKROOT = iphoneos;
				SWIFT_ACTIVE_COMPILATION_CONDITIONS = DEBUG;
				SWIFT_OPTIMIZATION_LEVEL = "-Onone";
			};
			name = Debug;
		};
		4E2F83FD1FF8E10E00511B4C /* Release */ = {
			isa = XCBuildConfiguration;
			buildSettings = {
				ALWAYS_SEARCH_USER_PATHS = NO;
				CLANG_ANALYZER_NONNULL = YES;
				CLANG_ANALYZER_NUMBER_OBJECT_CONVERSION = YES_AGGRESSIVE;
				CLANG_CXX_LANGUAGE_STANDARD = "gnu++14";
				CLANG_CXX_LIBRARY = "libc++";
				CLANG_ENABLE_MODULES = YES;
				CLANG_ENABLE_OBJC_ARC = YES;
				CLANG_WARN_BLOCK_CAPTURE_AUTORELEASING = YES;
				CLANG_WARN_BOOL_CONVERSION = YES;
				CLANG_WARN_COMMA = YES;
				CLANG_WARN_CONSTANT_CONVERSION = YES;
				CLANG_WARN_DIRECT_OBJC_ISA_USAGE = YES_ERROR;
				CLANG_WARN_DOCUMENTATION_COMMENTS = YES;
				CLANG_WARN_EMPTY_BODY = YES;
				CLANG_WARN_ENUM_CONVERSION = YES;
				CLANG_WARN_INFINITE_RECURSION = YES;
				CLANG_WARN_INT_CONVERSION = YES;
				CLANG_WARN_NON_LITERAL_NULL_CONVERSION = YES;
				CLANG_WARN_OBJC_LITERAL_CONVERSION = YES;
				CLANG_WARN_OBJC_ROOT_CLASS = YES_ERROR;
				CLANG_WARN_RANGE_LOOP_ANALYSIS = YES;
				CLANG_WARN_STRICT_PROTOTYPES = YES;
				CLANG_WARN_SUSPICIOUS_MOVE = YES;
				CLANG_WARN_UNGUARDED_AVAILABILITY = YES_AGGRESSIVE;
				CLANG_WARN_UNREACHABLE_CODE = YES;
				CLANG_WARN__DUPLICATE_METHOD_MATCH = YES;
				CODE_SIGN_IDENTITY = "iPhone Developer";
				COPY_PHASE_STRIP = NO;
				DEBUG_INFORMATION_FORMAT = "dwarf-with-dsym";
				ENABLE_NS_ASSERTIONS = NO;
				ENABLE_STRICT_OBJC_MSGSEND = YES;
				GCC_C_LANGUAGE_STANDARD = gnu11;
				GCC_NO_COMMON_BLOCKS = YES;
				GCC_WARN_64_TO_32_BIT_CONVERSION = YES;
				GCC_WARN_ABOUT_RETURN_TYPE = YES_ERROR;
				GCC_WARN_UNDECLARED_SELECTOR = YES;
				GCC_WARN_UNINITIALIZED_AUTOS = YES_AGGRESSIVE;
				GCC_WARN_UNUSED_FUNCTION = YES;
				GCC_WARN_UNUSED_VARIABLE = YES;
				IPHONEOS_DEPLOYMENT_TARGET = 11.2;
				MTL_ENABLE_DEBUG_INFO = NO;
				SDKROOT = iphoneos;
				SWIFT_OPTIMIZATION_LEVEL = "-Owholemodule";
				VALIDATE_PRODUCT = YES;
			};
			name = Release;
		};
		4E2F83FF1FF8E10E00511B4C /* Debug */ = {
			isa = XCBuildConfiguration;
			buildSettings = {
				ASSETCATALOG_COMPILER_APPICON_NAME = AppIcon;
				CODE_SIGN_STYLE = Automatic;
				DEVELOPMENT_TEAM = Y4TX5PVNK4;
				INFOPLIST_FILE = "$(SRCROOT)/Info.plist";
				IPHONEOS_DEPLOYMENT_TARGET = 11.0;
				LD_RUNPATH_SEARCH_PATHS = "$(inherited) @executable_path/Frameworks";
				PRODUCT_BUNDLE_IDENTIFIER = io.github.grohong.THContentMarkerView;
				PRODUCT_NAME = "$(TARGET_NAME)";
				SWIFT_VERSION = 4.0;
				TARGETED_DEVICE_FAMILY = "1,2";
			};
			name = Debug;
		};
		4E2F84001FF8E10E00511B4C /* Release */ = {
			isa = XCBuildConfiguration;
			buildSettings = {
				ASSETCATALOG_COMPILER_APPICON_NAME = AppIcon;
				CODE_SIGN_STYLE = Automatic;
				DEVELOPMENT_TEAM = Y4TX5PVNK4;
				INFOPLIST_FILE = "$(SRCROOT)/Info.plist";
				IPHONEOS_DEPLOYMENT_TARGET = 11.0;
				LD_RUNPATH_SEARCH_PATHS = "$(inherited) @executable_path/Frameworks";
				PRODUCT_BUNDLE_IDENTIFIER = io.github.grohong.THContentMarkerView;
				PRODUCT_NAME = "$(TARGET_NAME)";
				SWIFT_VERSION = 4.0;
				TARGETED_DEVICE_FAMILY = "1,2";
			};
			name = Release;
		};
/* End XCBuildConfiguration section */

/* Begin XCConfigurationList section */
		4E2F83E41FF8E10E00511B4C /* Build configuration list for PBXProject "THContentMarkerView" */ = {
			isa = XCConfigurationList;
			buildConfigurations = (
				4E2F83FC1FF8E10E00511B4C /* Debug */,
				4E2F83FD1FF8E10E00511B4C /* Release */,
			);
			defaultConfigurationIsVisible = 0;
			defaultConfigurationName = Release;
		};
		4E2F83FE1FF8E10E00511B4C /* Build configuration list for PBXNativeTarget "THContentMarkerView" */ = {
			isa = XCConfigurationList;
			buildConfigurations = (
				4E2F83FF1FF8E10E00511B4C /* Debug */,
				4E2F84001FF8E10E00511B4C /* Release */,
			);
			defaultConfigurationIsVisible = 0;
			defaultConfigurationName = Release;
		};
/* End XCConfigurationList section */
	};
	rootObject = 4E2F83E11FF8E10E00511B4C /* Project object */;
}
